
Microsoft Visual Studio Solution File, Format Version 12.00
Project("{FAE04EC0-301F-11D3-BF4B-00C04F79EFBC}") = "Lifetimes", "Lifetimes\Lifetimes.csproj", "{09B0E8FB-DBC5-48C0-8148-6D4AE01EF473}"
EndProject
Project("{FAE04EC0-301F-11D3-BF4B-00C04F79EFBC}") = "RdFramework", "RdFramework\RdFramework.csproj", "{B5EBF783-7EA5-4E8C-A92A-4CE72D918228}"
EndProject
Project("{2150E333-8FDC-42A3-9474-1A3956D46DE8}") = "Tests", "Tests", "{6EE90C64-2CF1-4F95-8011-744D6E3FA819}"
EndProject
Project("{FAE04EC0-301F-11D3-BF4B-00C04F79EFBC}") = "Test.Lifetimes", "Test.Lifetimes\Test.Lifetimes.csproj", "{33F11BEE-8B4A-436C-880A-F5DFD567298B}"
EndProject
Project("{FAE04EC0-301F-11D3-BF4B-00C04F79EFBC}") = "Test.RdFramework", "Test.RdFramework\Test.RdFramework.csproj", "{807DB56B-8E3C-47F1-9DB5-2B9042C6BE83}"
EndProject
Global
	GlobalSection(SolutionConfigurationPlatforms) = preSolution
		Debug|Any CPU = Debug|Any CPU
		Release|Any CPU = Release|Any CPU
	EndGlobalSection
	GlobalSection(ProjectConfigurationPlatforms) = postSolution
		{09B0E8FB-DBC5-48C0-8148-6D4AE01EF473}.Debug|Any CPU.ActiveCfg = Debug|Any CPU
		{09B0E8FB-DBC5-48C0-8148-6D4AE01EF473}.Debug|Any CPU.Build.0 = Debug|Any CPU
		{09B0E8FB-DBC5-48C0-8148-6D4AE01EF473}.Release|Any CPU.ActiveCfg = Release|Any CPU
		{09B0E8FB-DBC5-48C0-8148-6D4AE01EF473}.Release|Any CPU.Build.0 = Release|Any CPU
		{09B0E8FB-DBC5-48C0-8148-6D4AE01EF473}.Debug|Any CPU.Deploy.0 = Debug|Any CPU
		{B5EBF783-7EA5-4E8C-A92A-4CE72D918228}.Debug|Any CPU.ActiveCfg = Debug|Any CPU
		{B5EBF783-7EA5-4E8C-A92A-4CE72D918228}.Debug|Any CPU.Build.0 = Debug|Any CPU
		{B5EBF783-7EA5-4E8C-A92A-4CE72D918228}.Release|Any CPU.ActiveCfg = Release|Any CPU
		{B5EBF783-7EA5-4E8C-A92A-4CE72D918228}.Release|Any CPU.Build.0 = Release|Any CPU
		{B5EBF783-7EA5-4E8C-A92A-4CE72D918228}.Debug|Any CPU.Deploy.0 = Debug|Any CPU
		{33F11BEE-8B4A-436C-880A-F5DFD567298B}.Debug|Any CPU.ActiveCfg = Debug|Any CPU
		{33F11BEE-8B4A-436C-880A-F5DFD567298B}.Debug|Any CPU.Build.0 = Debug|Any CPU
		{33F11BEE-8B4A-436C-880A-F5DFD567298B}.Release|Any CPU.ActiveCfg = Release|Any CPU
		{33F11BEE-8B4A-436C-880A-F5DFD567298B}.Release|Any CPU.Build.0 = Release|Any CPU
		{807DB56B-8E3C-47F1-9DB5-2B9042C6BE83}.Debug|Any CPU.ActiveCfg = Debug|Any CPU
		{807DB56B-8E3C-47F1-9DB5-2B9042C6BE83}.Debug|Any CPU.Build.0 = Debug|Any CPU
		{807DB56B-8E3C-47F1-9DB5-2B9042C6BE83}.Release|Any CPU.ActiveCfg = Release|Any CPU
		{807DB56B-8E3C-47F1-9DB5-2B9042C6BE83}.Release|Any CPU.Build.0 = Release|Any CPU
	EndGlobalSection
	GlobalSection(NestedProjects) = preSolution
		{33F11BEE-8B4A-436C-880A-F5DFD567298B} = {6EE90C64-2CF1-4F95-8011-744D6E3FA819}
		{807DB56B-8E3C-47F1-9DB5-2B9042C6BE83} = {6EE90C64-2CF1-4F95-8011-744D6E3FA819}
	EndGlobalSection
EndGlobal
