
Microsoft Visual Studio Solution File, Format Version 12.00
Project("{FAE04EC0-301F-11D3-BF4B-00C04F79EFBC}") = "RdCore", "RdCore\RdCore.csproj", "{09B0E8FB-DBC5-48C0-8148-6D4AE01EF473}"
EndProject
Project("{FAE04EC0-301F-11D3-BF4B-00C04F79EFBC}") = "RdFramework", "RdFramework\RdFramework.csproj", "{B5EBF783-7EA5-4E8C-A92A-4CE72D918228}"
EndProject
Project("{2150E333-8FDC-42A3-9474-1A3956D46DE8}") = "Test.RdCross", "Test.RdCross", "{4F90D818-53BE-45EE-B172-3371084021B8}"
EndProject
Project("{FAE04EC0-301F-11D3-BF4B-00C04F79EFBC}") = "Common", "Cross\Common\Common.csproj", "{C22554C7-F78F-4AD3-9853-B81F73E61E36}"
EndProject
Project("{FAE04EC0-301F-11D3-BF4B-00C04F79EFBC}") = "TestClientAllEntities", "Cross\TestClientAllEntities\TestClientAllEntities.csproj", "{A32C39F2-1174-43B3-9CD6-E6571F2107B6}"
EndProject
Project("{FAE04EC0-301F-11D3-BF4B-00C04F79EFBC}") = "TestClientBigBuffer", "Cross\TestBigBuffer\TestClientBigBuffer.csproj", "{7A0D8412-9B4B-4D42-AF92-8503F5019CB4}"
EndProject
Global
	GlobalSection(SolutionConfigurationPlatforms) = preSolution
		Debug|Any CPU = Debug|Any CPU
		Release|Any CPU = Release|Any CPU
	EndGlobalSection
	GlobalSection(ProjectConfigurationPlatforms) = postSolution
		{09B0E8FB-DBC5-48C0-8148-6D4AE01EF473}.Debug|Any CPU.ActiveCfg = Debug|Any CPU
		{09B0E8FB-DBC5-48C0-8148-6D4AE01EF473}.Debug|Any CPU.Build.0 = Debug|Any CPU
		{09B0E8FB-DBC5-48C0-8148-6D4AE01EF473}.Release|Any CPU.ActiveCfg = Release|Any CPU
		{09B0E8FB-DBC5-48C0-8148-6D4AE01EF473}.Release|Any CPU.Build.0 = Release|Any CPU
		{09B0E8FB-DBC5-48C0-8148-6D4AE01EF473}.Debug|Any CPU.Deploy.0 = Debug|Any CPU
		{B5EBF783-7EA5-4E8C-A92A-4CE72D918228}.Debug|Any CPU.ActiveCfg = Debug|Any CPU
		{B5EBF783-7EA5-4E8C-A92A-4CE72D918228}.Debug|Any CPU.Build.0 = Debug|Any CPU
		{B5EBF783-7EA5-4E8C-A92A-4CE72D918228}.Release|Any CPU.ActiveCfg = Release|Any CPU
		{B5EBF783-7EA5-4E8C-A92A-4CE72D918228}.Release|Any CPU.Build.0 = Release|Any CPU
		{B5EBF783-7EA5-4E8C-A92A-4CE72D918228}.Debug|Any CPU.Deploy.0 = Debug|Any CPU
		{8EF55382-887F-4E52-933B-AF7E89F175DF}.Debug|Any CPU.ActiveCfg = Debug|Any CPU
		{8EF55382-887F-4E52-933B-AF7E89F175DF}.Debug|Any CPU.Build.0 = Debug|Any CPU
		{8EF55382-887F-4E52-933B-AF7E89F175DF}.Release|Any CPU.ActiveCfg = Release|Any CPU
		{8EF55382-887F-4E52-933B-AF7E89F175DF}.Release|Any CPU.Build.0 = Release|Any CPU
		{C22554C7-F78F-4AD3-9853-B81F73E61E36}.Debug|Any CPU.ActiveCfg = Debug|Any CPU
		{C22554C7-F78F-4AD3-9853-B81F73E61E36}.Debug|Any CPU.Build.0 = Debug|Any CPU
		{C22554C7-F78F-4AD3-9853-B81F73E61E36}.Release|Any CPU.ActiveCfg = Release|Any CPU
		{C22554C7-F78F-4AD3-9853-B81F73E61E36}.Release|Any CPU.Build.0 = Release|Any CPU
		{A32C39F2-1174-43B3-9CD6-E6571F2107B6}.Debug|Any CPU.ActiveCfg = Debug|Any CPU
		{A32C39F2-1174-43B3-9CD6-E6571F2107B6}.Debug|Any CPU.Build.0 = Debug|Any CPU
		{A32C39F2-1174-43B3-9CD6-E6571F2107B6}.Release|Any CPU.ActiveCfg = Release|Any CPU
		{A32C39F2-1174-43B3-9CD6-E6571F2107B6}.Release|Any CPU.Build.0 = Release|Any CPU
		{7A0D8412-9B4B-4D42-AF92-8503F5019CB4}.Debug|Any CPU.ActiveCfg = Debug|Any CPU
		{7A0D8412-9B4B-4D42-AF92-8503F5019CB4}.Debug|Any CPU.Build.0 = Debug|Any CPU
		{7A0D8412-9B4B-4D42-AF92-8503F5019CB4}.Release|Any CPU.ActiveCfg = Release|Any CPU
		{7A0D8412-9B4B-4D42-AF92-8503F5019CB4}.Release|Any CPU.Build.0 = Release|Any CPU
	EndGlobalSection
	GlobalSection(NestedProjects) = preSolution
		{C22554C7-F78F-4AD3-9853-B81F73E61E36} = {4F90D818-53BE-45EE-B172-3371084021B8}
		{A32C39F2-1174-43B3-9CD6-E6571F2107B6} = {4F90D818-53BE-45EE-B172-3371084021B8}
		{7A0D8412-9B4B-4D42-AF92-8503F5019CB4} = {4F90D818-53BE-45EE-B172-3371084021B8}
	EndGlobalSection
EndGlobal
