
Microsoft Visual Studio Solution File, Format Version 12.00
# Visual Studio Version 17
VisualStudioVersion = 17.4.33103.184
MinimumVisualStudioVersion = 10.0.40219.1
Project("{9A19103F-16F7-4668-BE54-9A1E7A4F7556}") = "Lifetimes", "Lifetimes\Lifetimes.csproj", "{09B0E8FB-DBC5-48C0-8148-6D4AE01EF473}"
EndProject
Project("{9A19103F-16F7-4668-BE54-9A1E7A4F7556}") = "RdFramework", "RdFramework\RdFramework.csproj", "{B5EBF783-7EA5-4E8C-A92A-4CE72D918228}"
EndProject
Project("{2150E333-8FDC-42A3-9474-1A3956D46DE8}") = "Tests", "Tests", "{6EE90C64-2CF1-4F95-8011-744D6E3FA819}"
EndProject
Project("{9A19103F-16F7-4668-BE54-9A1E7A4F7556}") = "Test.Lifetimes", "Test.Lifetimes\Test.Lifetimes.csproj", "{33F11BEE-8B4A-436C-880A-F5DFD567298B}"
EndProject
Project("{9A19103F-16F7-4668-BE54-9A1E7A4F7556}") = "Test.RdFramework", "Test.RdFramework\Test.RdFramework.csproj", "{807DB56B-8E3C-47F1-9DB5-2B9042C6BE83}"
EndProject
Project("{9A19103F-16F7-4668-BE54-9A1E7A4F7556}") = "Test.Cross", "Test.Cross\Test.Cross.csproj", "{6384458F-9593-4097-B8E5-B630FB9978D3}"
EndProject
Project("{9A19103F-16F7-4668-BE54-9A1E7A4F7556}") = "Test.Reflection.App", "Test.Reflection.App\Test.Reflection.App.csproj", "{3A4611E1-3E60-41D4-86C6-2F47D45FDA22}"
EndProject
Project("{9A19103F-16F7-4668-BE54-9A1E7A4F7556}") = "RdFramework.Reflection", "RdFramework.Reflection\RdFramework.Reflection.csproj", "{46A95C4F-2291-42EC-8013-4DFED53A7997}"
EndProject
Project("{9A19103F-16F7-4668-BE54-9A1E7A4F7556}") = "Test.RdFramework.Generator", "Test.RdFramework.Generator\Test.RdFramework.Generator.csproj", "{293B9FEB-C8CE-4C76-BE45-EAB3854B1BE4}"
EndProject
Project("{2150E333-8FDC-42A3-9474-1A3956D46DE8}") = "src", "src", "{3D30A9D9-5404-430B-8CA5-A74A19D5249A}"
EndProject
Project("{2150E333-8FDC-42A3-9474-1A3956D46DE8}") = "Solution Items", "Solution Items", "{C6C397C5-0AB8-44CB-A2B8-8C399F986F14}"
	ProjectSection(SolutionItems) = preProject
		Directory.Build.props = Directory.Build.props
	EndProjectSection
EndProject
Global
	GlobalSection(SolutionConfigurationPlatforms) = preSolution
		CrossTests|Any CPU = CrossTests|Any CPU
		Debug|Any CPU = Debug|Any CPU
		Release|Any CPU = Release|Any CPU
	EndGlobalSection
	GlobalSection(ProjectConfigurationPlatforms) = postSolution
		{09B0E8FB-DBC5-48C0-8148-6D4AE01EF473}.CrossTests|Any CPU.ActiveCfg = CrossTests|Any CPU
		{09B0E8FB-DBC5-48C0-8148-6D4AE01EF473}.CrossTests|Any CPU.Build.0 = CrossTests|Any CPU
		{09B0E8FB-DBC5-48C0-8148-6D4AE01EF473}.Debug|Any CPU.ActiveCfg = Debug|Any CPU
		{09B0E8FB-DBC5-48C0-8148-6D4AE01EF473}.Debug|Any CPU.Build.0 = Debug|Any CPU
		{09B0E8FB-DBC5-48C0-8148-6D4AE01EF473}.Debug|Any CPU.Deploy.0 = Debug|Any CPU
		{09B0E8FB-DBC5-48C0-8148-6D4AE01EF473}.Release|Any CPU.ActiveCfg = Release|Any CPU
		{09B0E8FB-DBC5-48C0-8148-6D4AE01EF473}.Release|Any CPU.Build.0 = Release|Any CPU
		{B5EBF783-7EA5-4E8C-A92A-4CE72D918228}.CrossTests|Any CPU.ActiveCfg = CrossTests|Any CPU
		{B5EBF783-7EA5-4E8C-A92A-4CE72D918228}.CrossTests|Any CPU.Build.0 = CrossTests|Any CPU
		{B5EBF783-7EA5-4E8C-A92A-4CE72D918228}.Debug|Any CPU.ActiveCfg = Debug|Any CPU
		{B5EBF783-7EA5-4E8C-A92A-4CE72D918228}.Debug|Any CPU.Build.0 = Debug|Any CPU
		{B5EBF783-7EA5-4E8C-A92A-4CE72D918228}.Debug|Any CPU.Deploy.0 = Debug|Any CPU
		{B5EBF783-7EA5-4E8C-A92A-4CE72D918228}.Release|Any CPU.ActiveCfg = Release|Any CPU
		{B5EBF783-7EA5-4E8C-A92A-4CE72D918228}.Release|Any CPU.Build.0 = Release|Any CPU
		{33F11BEE-8B4A-436C-880A-F5DFD567298B}.CrossTests|Any CPU.ActiveCfg = CrossTests|Any CPU
		{33F11BEE-8B4A-436C-880A-F5DFD567298B}.CrossTests|Any CPU.Build.0 = CrossTests|Any CPU
		{33F11BEE-8B4A-436C-880A-F5DFD567298B}.Debug|Any CPU.ActiveCfg = Debug|Any CPU
		{33F11BEE-8B4A-436C-880A-F5DFD567298B}.Debug|Any CPU.Build.0 = Debug|Any CPU
		{33F11BEE-8B4A-436C-880A-F5DFD567298B}.Release|Any CPU.ActiveCfg = Release|Any CPU
		{33F11BEE-8B4A-436C-880A-F5DFD567298B}.Release|Any CPU.Build.0 = Release|Any CPU
		{807DB56B-8E3C-47F1-9DB5-2B9042C6BE83}.CrossTests|Any CPU.ActiveCfg = CrossTests|Any CPU
		{807DB56B-8E3C-47F1-9DB5-2B9042C6BE83}.CrossTests|Any CPU.Build.0 = CrossTests|Any CPU
		{807DB56B-8E3C-47F1-9DB5-2B9042C6BE83}.Debug|Any CPU.ActiveCfg = Debug|Any CPU
		{807DB56B-8E3C-47F1-9DB5-2B9042C6BE83}.Debug|Any CPU.Build.0 = Debug|Any CPU
		{807DB56B-8E3C-47F1-9DB5-2B9042C6BE83}.Release|Any CPU.ActiveCfg = Release|Any CPU
		{807DB56B-8E3C-47F1-9DB5-2B9042C6BE83}.Release|Any CPU.Build.0 = Release|Any CPU
		{6384458F-9593-4097-B8E5-B630FB9978D3}.CrossTests|Any CPU.ActiveCfg = CrossTests|Any CPU
		{6384458F-9593-4097-B8E5-B630FB9978D3}.CrossTests|Any CPU.Build.0 = CrossTests|Any CPU
		{6384458F-9593-4097-B8E5-B630FB9978D3}.Debug|Any CPU.ActiveCfg = CrossTests|Any CPU
		{6384458F-9593-4097-B8E5-B630FB9978D3}.Release|Any CPU.ActiveCfg = CrossTests|Any CPU
		{3A4611E1-3E60-41D4-86C6-2F47D45FDA22}.CrossTests|Any CPU.ActiveCfg = Debug|Any CPU
		{3A4611E1-3E60-41D4-86C6-2F47D45FDA22}.CrossTests|Any CPU.Build.0 = Debug|Any CPU
		{3A4611E1-3E60-41D4-86C6-2F47D45FDA22}.Debug|Any CPU.ActiveCfg = Debug|Any CPU
		{3A4611E1-3E60-41D4-86C6-2F47D45FDA22}.Debug|Any CPU.Build.0 = Debug|Any CPU
		{3A4611E1-3E60-41D4-86C6-2F47D45FDA22}.Release|Any CPU.ActiveCfg = Release|Any CPU
		{3A4611E1-3E60-41D4-86C6-2F47D45FDA22}.Release|Any CPU.Build.0 = Release|Any CPU
		{46A95C4F-2291-42EC-8013-4DFED53A7997}.CrossTests|Any CPU.ActiveCfg = CrossTests|Any CPU
		{46A95C4F-2291-42EC-8013-4DFED53A7997}.CrossTests|Any CPU.Build.0 = CrossTests|Any CPU
		{46A95C4F-2291-42EC-8013-4DFED53A7997}.Debug|Any CPU.ActiveCfg = Debug|Any CPU
		{46A95C4F-2291-42EC-8013-4DFED53A7997}.Debug|Any CPU.Build.0 = Debug|Any CPU
		{46A95C4F-2291-42EC-8013-4DFED53A7997}.Release|Any CPU.ActiveCfg = Release|Any CPU
		{46A95C4F-2291-42EC-8013-4DFED53A7997}.Release|Any CPU.Build.0 = Release|Any CPU
		{293B9FEB-C8CE-4C76-BE45-EAB3854B1BE4}.CrossTests|Any CPU.ActiveCfg = Debug|Any CPU
		{293B9FEB-C8CE-4C76-BE45-EAB3854B1BE4}.CrossTests|Any CPU.Build.0 = Debug|Any CPU
		{293B9FEB-C8CE-4C76-BE45-EAB3854B1BE4}.Debug|Any CPU.ActiveCfg = Debug|Any CPU
		{293B9FEB-C8CE-4C76-BE45-EAB3854B1BE4}.Debug|Any CPU.Build.0 = Debug|Any CPU
		{293B9FEB-C8CE-4C76-BE45-EAB3854B1BE4}.Release|Any CPU.ActiveCfg = Release|Any CPU
		{293B9FEB-C8CE-4C76-BE45-EAB3854B1BE4}.Release|Any CPU.Build.0 = Release|Any CPU
	EndGlobalSection
	GlobalSection(SolutionProperties) = preSolution
		HideSolutionNode = FALSE
	EndGlobalSection
	GlobalSection(NestedProjects) = preSolution
		{09B0E8FB-DBC5-48C0-8148-6D4AE01EF473} = {3D30A9D9-5404-430B-8CA5-A74A19D5249A}
		{B5EBF783-7EA5-4E8C-A92A-4CE72D918228} = {3D30A9D9-5404-430B-8CA5-A74A19D5249A}
		{33F11BEE-8B4A-436C-880A-F5DFD567298B} = {6EE90C64-2CF1-4F95-8011-744D6E3FA819}
		{807DB56B-8E3C-47F1-9DB5-2B9042C6BE83} = {6EE90C64-2CF1-4F95-8011-744D6E3FA819}
		{6384458F-9593-4097-B8E5-B630FB9978D3} = {6EE90C64-2CF1-4F95-8011-744D6E3FA819}
		{3A4611E1-3E60-41D4-86C6-2F47D45FDA22} = {6EE90C64-2CF1-4F95-8011-744D6E3FA819}
		{46A95C4F-2291-42EC-8013-4DFED53A7997} = {3D30A9D9-5404-430B-8CA5-A74A19D5249A}
		{293B9FEB-C8CE-4C76-BE45-EAB3854B1BE4} = {6EE90C64-2CF1-4F95-8011-744D6E3FA819}
	EndGlobalSection
	GlobalSection(ExtensibilityGlobals) = postSolution
		SolutionGuid = {7BA4C97B-E925-487A-ADA2-BB4E2B634B90}
	EndGlobalSection
EndGlobal
